
Microsoft Visual Studio Solution File, Format Version 12.00
# Visual Studio Version 16
VisualStudioVersion = 25.0.1700.0
MinimumVisualStudioVersion = 10.0.40219.1
Project("{FAE04EC0-301F-11D3-BF4B-00C04F79EFBC}") = "lokker2", "lokker2\lokker2.csproj", "{C5453BCC-016A-4674-B7B2-C2C82BE2C6ED}"
EndProject
Global
	GlobalSection(SolutionConfigurationPlatforms) = preSolution
		Debug|Any CPU = Debug|Any CPU
		Release|Any CPU = Release|Any CPU
	EndGlobalSection
	GlobalSection(ProjectConfigurationPlatforms) = postSolution
		{C5453BCC-016A-4674-B7B2-C2C82BE2C6ED}.Debug|Any CPU.ActiveCfg = Debug|Any CPU
		{C5453BCC-016A-4674-B7B2-C2C82BE2C6ED}.Debug|Any CPU.Build.0 = Debug|Any CPU
		{C5453BCC-016A-4674-B7B2-C2C82BE2C6ED}.Release|Any CPU.ActiveCfg = Release|Any CPU
		{C5453BCC-016A-4674-B7B2-C2C82BE2C6ED}.Release|Any CPU.Build.0 = Release|Any CPU
	EndGlobalSection
	GlobalSection(SolutionProperties) = preSolution
		HideSolutionNode = FALSE
	EndGlobalSection
	GlobalSection(ExtensibilityGlobals) = postSolution
		SolutionGuid = {371C5B5E-A24E-40F4-8583-054B247872EC}
	EndGlobalSection
EndGlobal
