
Microsoft Visual Studio Solution File, Format Version 12.00
# Visual Studio Version 16
VisualStudioVersion = 25.0.1700.0
MinimumVisualStudioVersion = 10.0.40219.1
Project("{FAE04EC0-301F-11D3-BF4B-00C04F79EFBC}") = "ifElse3", "ifElse3\ifElse3.csproj", "{FF1421BA-9E05-45A2-A61D-96C905E40350}"
EndProject
Global
	GlobalSection(SolutionConfigurationPlatforms) = preSolution
		Debug|Any CPU = Debug|Any CPU
		Release|Any CPU = Release|Any CPU
	EndGlobalSection
	GlobalSection(ProjectConfigurationPlatforms) = postSolution
		{FF1421BA-9E05-45A2-A61D-96C905E40350}.Debug|Any CPU.ActiveCfg = Debug|Any CPU
		{FF1421BA-9E05-45A2-A61D-96C905E40350}.Debug|Any CPU.Build.0 = Debug|Any CPU
		{FF1421BA-9E05-45A2-A61D-96C905E40350}.Release|Any CPU.ActiveCfg = Release|Any CPU
		{FF1421BA-9E05-45A2-A61D-96C905E40350}.Release|Any CPU.Build.0 = Release|Any CPU
	EndGlobalSection
	GlobalSection(SolutionProperties) = preSolution
		HideSolutionNode = FALSE
	EndGlobalSection
	GlobalSection(ExtensibilityGlobals) = postSolution
		SolutionGuid = {459166E3-E007-4D2F-ADD2-09713BD8C00D}
	EndGlobalSection
EndGlobal
